{
  "name": "rework-base64",
  "version": "1.0.0",
  "lockfileVersion": 1,
  "requires": true,
  "dependencies": {
    "@types/node": {
      "version": "8.0.53",
      "resolved": "https://repo.symphony.com/artifactory/api/npm/npm-virtual-dev/@types/node/-/node-8.0.53.tgz",
      "integrity": "sha1-OWs1r4JvpmqtRyyMt7jV4nf05tg=",
      "dev": true
    },
    "typescript": {
      "version": "2.6.1",
      "resolved": "https://repo.symphony.com/artifactory/api/npm/npm-virtual-dev/typescript/-/typescript-2.6.1.tgz",
      "integrity": "sha1-7znN6ierrAtQAkLWcmq5DgyEZjE=",
      "dev": true
    }
  }
}
