{
  "name": "rework-base64",
  "version": "1.0.2",
  "lockfileVersion": 1,
  "requires": true,
  "dependencies": {
    "@types/node": {
      "version": "8.0.53",
      "resolved": "https://repo.symphony.com/artifactory/api/npm/npm-virtual-dev/@types/node/-/node-8.0.53.tgz",
      "integrity": "sha1-OWs1r4JvpmqtRyyMt7jV4nf05tg=",
      "dev": true
    },
    "datauri": {
      "version": "1.0.5",
      "resolved": "https://registry.npmjs.org/datauri/-/datauri-1.0.5.tgz",
      "integrity": "sha1-0JddGrbI8uDOPKQ7qkU5vhLSiaA=",
      "requires": {
        "image-size": "0.3.5",
        "mimer": "0.2.1",
        "semver": "5.4.1"
      }
    },
    "image-size": {
      "version": "0.3.5",
      "resolved": "https://registry.npmjs.org/image-size/-/image-size-0.3.5.tgz",
      "integrity": "sha1-gyQOqy+1sAsEqrjHSwRx6cunrYw="
    },
    "mimer": {
      "version": "0.2.1",
      "resolved": "https://registry.npmjs.org/mimer/-/mimer-0.2.1.tgz",
      "integrity": "sha1-xjxaF/6GQj9RYahdVcPtUYm6r/w="
    },
    "rework-plugin-function": {
      "version": "1.0.2",
      "resolved": "https://registry.npmjs.org/rework-plugin-function/-/rework-plugin-function-1.0.2.tgz",
      "integrity": "sha1-Es5G+1sptdk1FGaD9rmM9J0jc7k=",
      "requires": {
        "rework-visit": "1.0.0"
      }
    },
    "rework-plugin-url": {
      "version": "1.1.0",
      "resolved": "https://registry.npmjs.org/rework-plugin-url/-/rework-plugin-url-1.1.0.tgz",
      "integrity": "sha1-q1PosQV7nV7MHIJz/32xhgg3XEU=",
      "requires": {
        "rework-plugin-function": "1.0.2"
      }
    },
    "rework-visit": {
      "version": "1.0.0",
      "resolved": "https://registry.npmjs.org/rework-visit/-/rework-visit-1.0.0.tgz",
      "integrity": "sha1-mUWygD8hni96ygCtuLyfZA+ELJo="
    },
    "semver": {
      "version": "5.4.1",
      "resolved": "https://registry.npmjs.org/semver/-/semver-5.4.1.tgz",
      "integrity": "sha512-WfG/X9+oATh81XtllIo/I8gOiY9EXRdv1cQdyykeXK17YcUW3EXUAi2To4pcH6nZtJPr7ZOpM5OMyWJZm+8Rsg=="
    },
    "typescript": {
      "version": "2.6.1",
      "resolved": "https://repo.symphony.com/artifactory/api/npm/npm-virtual-dev/typescript/-/typescript-2.6.1.tgz",
      "integrity": "sha1-7znN6ierrAtQAkLWcmq5DgyEZjE=",
      "dev": true
    }
  }
}
